
Microsoft Visual Studio Solution File, Format Version 12.00
# Visual Studio Version 17
VisualStudioVersion = 17.11.35222.181
MinimumVisualStudioVersion = 10.0.40219.1
Project("{9A19103F-16F7-4668-BE54-9A1E7A4F7556}") = "uts_frontend_72220561", "uts_frontend_72220561.csproj", "{D21D06D2-FB3F-4215-93AF-D98390973A11}"
EndProject
Global
	GlobalSection(SolutionConfigurationPlatforms) = preSolution
		Debug|Any CPU = Debug|Any CPU
		Release|Any CPU = Release|Any CPU
	EndGlobalSection
	GlobalSection(ProjectConfigurationPlatforms) = postSolution
		{D21D06D2-FB3F-4215-93AF-D98390973A11}.Debug|Any CPU.ActiveCfg = Debug|Any CPU
		{D21D06D2-FB3F-4215-93AF-D98390973A11}.Debug|Any CPU.Build.0 = Debug|Any CPU
		{D21D06D2-FB3F-4215-93AF-D98390973A11}.Release|Any CPU.ActiveCfg = Release|Any CPU
		{D21D06D2-FB3F-4215-93AF-D98390973A11}.Release|Any CPU.Build.0 = Release|Any CPU
	EndGlobalSection
	GlobalSection(SolutionProperties) = preSolution
		HideSolutionNode = FALSE
	EndGlobalSection
	GlobalSection(ExtensibilityGlobals) = postSolution
		SolutionGuid = {245C8C56-E442-440E-B415-7306C9BE48C7}
	EndGlobalSection
EndGlobal
